// !$*UTF8*$!
{
	archiveVersion = 1;
	classes = {
	};
	objectVersion = 46;
	objects = {

/* Begin PBXBuildFile section */
		C403C1031A0D07FE00AFCEB6 /* DataSource.swift in Sources */ = {isa = PBXBuildFile; fileRef = C403C1021A0D07FE00AFCEB6 /* DataSource.swift */; };
		C403C1051A0D08BB00AFCEB6 /* FoodItem.swift in Sources */ = {isa = PBXBuildFile; fileRef = C403C1041A0D08BB00AFCEB6 /* FoodItem.swift */; };
		C403C1091A0D1DEB00AFCEB6 /* foods.sqlite in Resources */ = {isa = PBXBuildFile; fileRef = C403C1071A0D10D300AFCEB6 /* foods.sqlite */; };
		C403C10B1A0D249600AFCEB6 /* FoodListViewController.swift in Sources */ = {isa = PBXBuildFile; fileRef = C403C10A1A0D249600AFCEB6 /* FoodListViewController.swift */; };
		C41D15111A16633C004CAB4B /* sound.wav in Resources */ = {isa = PBXBuildFile; fileRef = C41D15101A16633C004CAB4B /* sound.wav */; };
		C42779EE1A5EEC6E00BF62F8 /* StoveViewController.swift in Sources */ = {isa = PBXBuildFile; fileRef = C42779EC1A5EEC6E00BF62F8 /* StoveViewController.swift */; };
		C42779EF1A5EEC6E00BF62F8 /* StoveViewController.xib in Resources */ = {isa = PBXBuildFile; fileRef = C42779ED1A5EEC6E00BF62F8 /* StoveViewController.xib */; };
		C42ABB801A56C19D000B8548 /* CircleProgressView.swift in Sources */ = {isa = PBXBuildFile; fileRef = C42ABB7F1A56C19D000B8548 /* CircleProgressView.swift */; };
		C4DF022A1A12025D00C31848 /* CookerController.swift in Sources */ = {isa = PBXBuildFile; fileRef = C4DF02291A12025D00C31848 /* CookerController.swift */; };
		C4DFED711A5BC29600CE14A5 /* Cooker3ViewController.xib in Resources */ = {isa = PBXBuildFile; fileRef = C4DFED701A5BC29600CE14A5 /* Cooker3ViewController.xib */; };
		C4DFED741A5C692500CE14A5 /* CookerDetailViewController.swift in Sources */ = {isa = PBXBuildFile; fileRef = C4DFED721A5C692500CE14A5 /* CookerDetailViewController.swift */; };
		C4DFED751A5C692500CE14A5 /* CookerDetailViewController.xib in Resources */ = {isa = PBXBuildFile; fileRef = C4DFED731A5C692500CE14A5 /* CookerDetailViewController.xib */; };
		C4EC72C11A0FCF74005708DC /* Timer.swift in Sources */ = {isa = PBXBuildFile; fileRef = C4EC72C01A0FCF74005708DC /* Timer.swift */; };
		E20C01B21A0F6D7F00A87561 /* Extensions.swift in Sources */ = {isa = PBXBuildFile; fileRef = E20C01AF1A0F6D7F00A87561 /* Extensions.swift */; };
		E20C01B31A0F6D7F00A87561 /* FoodItemTableViewCell.swift in Sources */ = {isa = PBXBuildFile; fileRef = E20C01B01A0F6D7F00A87561 /* FoodItemTableViewCell.swift */; };
		E20C01B41A0F6D7F00A87561 /* FoodItemTableViewCell.xib in Resources */ = {isa = PBXBuildFile; fileRef = E20C01B11A0F6D7F00A87561 /* FoodItemTableViewCell.xib */; };
		E248DC3C1A21FB2E0011319C /* Roboto-Light.ttf in Resources */ = {isa = PBXBuildFile; fileRef = E248DC391A21FB2E0011319C /* Roboto-Light.ttf */; };
		E248DC3D1A21FB2E0011319C /* Roboto-Medium.ttf in Resources */ = {isa = PBXBuildFile; fileRef = E248DC3A1A21FB2E0011319C /* Roboto-Medium.ttf */; };
		E248DC3E1A21FB2E0011319C /* Roboto-Thin.ttf in Resources */ = {isa = PBXBuildFile; fileRef = E248DC3B1A21FB2E0011319C /* Roboto-Thin.ttf */; };
		E248DC411A21FB720011319C /* ic_action_alarms.png in Resources */ = {isa = PBXBuildFile; fileRef = E248DC401A21FB720011319C /* ic_action_alarms.png */; };
		E248DC431A21FBB90011319C /* ic_action_alarms_white.png in Resources */ = {isa = PBXBuildFile; fileRef = E248DC421A21FBB90011319C /* ic_action_alarms_white.png */; };
		E24F01561A0CF8E200372AE5 /* AppDelegate.swift in Sources */ = {isa = PBXBuildFile; fileRef = E24F01551A0CF8E200372AE5 /* AppDelegate.swift */; };
		E24F015B1A0CF8E200372AE5 /* Main.storyboard in Resources */ = {isa = PBXBuildFile; fileRef = E24F01591A0CF8E200372AE5 /* Main.storyboard */; };
		E24F015D1A0CF8E200372AE5 /* Images.xcassets in Resources */ = {isa = PBXBuildFile; fileRef = E24F015C1A0CF8E200372AE5 /* Images.xcassets */; };
		E24F01601A0CF8E200372AE5 /* LaunchScreen.xib in Resources */ = {isa = PBXBuildFile; fileRef = E24F015E1A0CF8E200372AE5 /* LaunchScreen.xib */; };
		E24F016C1A0CF8E200372AE5 /* KooktijdenTests.swift in Sources */ = {isa = PBXBuildFile; fileRef = E24F016B1A0CF8E200372AE5 /* KooktijdenTests.swift */; };
		E25333081A1F781600979A13 /* CookerViewController.swift in Sources */ = {isa = PBXBuildFile; fileRef = E25333061A1F781600979A13 /* CookerViewController.swift */; };
		E25333091A1F781600979A13 /* Cooker1ViewController.xib in Resources */ = {isa = PBXBuildFile; fileRef = E25333071A1F781600979A13 /* Cooker1ViewController.xib */; };
		E253330B1A1F788D00979A13 /* Cooker2ViewController.xib in Resources */ = {isa = PBXBuildFile; fileRef = E253330A1A1F788D00979A13 /* Cooker2ViewController.xib */; };
		E253D3841A1F98B000893D16 /* FoodListViewController.xib in Resources */ = {isa = PBXBuildFile; fileRef = E253D3831A1F98B000893D16 /* FoodListViewController.xib */; };
		E2CF44171A21ED3000C0B8C4 /* FoodDetailViewController.xib in Resources */ = {isa = PBXBuildFile; fileRef = E2CF44161A21ED3000C0B8C4 /* FoodDetailViewController.xib */; };
		E2CF44191A21EE9000C0B8C4 /* FoodDetailViewController.swift in Sources */ = {isa = PBXBuildFile; fileRef = E2CF44181A21EE9000C0B8C4 /* FoodDetailViewController.swift */; };
		E2EFE5EC1A52C3B0001C45A2 /* icons.xcassets in Resources */ = {isa = PBXBuildFile; fileRef = E2EFE5EB1A52C3B0001C45A2 /* icons.xcassets */; };
/* End PBXBuildFile section */

/* Begin PBXContainerItemProxy section */
		E24F01661A0CF8E200372AE5 /* PBXContainerItemProxy */ = {
			isa = PBXContainerItemProxy;
			containerPortal = E24F01481A0CF8E200372AE5 /* Project object */;
			proxyType = 1;
			remoteGlobalIDString = E24F014F1A0CF8E200372AE5;
			remoteInfo = Kooktijden;
		};
/* End PBXContainerItemProxy section */

/* Begin PBXCopyFilesBuildPhase section */
		C403C1001A0D074500AFCEB6 /* CopyFiles */ = {
			isa = PBXCopyFilesBuildPhase;
			buildActionMask = 12;
			dstPath = "";
			dstSubfolderSpec = 10;
			files = (
			);
			runOnlyForDeploymentPostprocessing = 0;
		};
/* End PBXCopyFilesBuildPhase section */

/* Begin PBXFileReference section */
		C403C1021A0D07FE00AFCEB6 /* DataSource.swift */ = {isa = PBXFileReference; fileEncoding = 4; lastKnownFileType = sourcecode.swift; path = DataSource.swift; sourceTree = "<group>"; };
		C403C1041A0D08BB00AFCEB6 /* FoodItem.swift */ = {isa = PBXFileReference; fileEncoding = 4; lastKnownFileType = sourcecode.swift; path = FoodItem.swift; sourceTree = "<group>"; };
		C403C1071A0D10D300AFCEB6 /* foods.sqlite */ = {isa = PBXFileReference; lastKnownFileType = file; path = foods.sqlite; sourceTree = "<group>"; };
		C403C10A1A0D249600AFCEB6 /* FoodListViewController.swift */ = {isa = PBXFileReference; fileEncoding = 4; lastKnownFileType = sourcecode.swift; path = FoodListViewController.swift; sourceTree = "<group>"; };
		C41D15101A16633C004CAB4B /* sound.wav */ = {isa = PBXFileReference; lastKnownFileType = audio.wav; path = sound.wav; sourceTree = "<group>"; };
		C42779EC1A5EEC6E00BF62F8 /* StoveViewController.swift */ = {isa = PBXFileReference; fileEncoding = 4; lastKnownFileType = sourcecode.swift; path = StoveViewController.swift; sourceTree = "<group>"; };
		C42779ED1A5EEC6E00BF62F8 /* StoveViewController.xib */ = {isa = PBXFileReference; fileEncoding = 4; lastKnownFileType = file.xib; path = StoveViewController.xib; sourceTree = "<group>"; };
		C42ABB7F1A56C19D000B8548 /* CircleProgressView.swift */ = {isa = PBXFileReference; fileEncoding = 4; lastKnownFileType = sourcecode.swift; path = CircleProgressView.swift; sourceTree = "<group>"; };
		C4DF02291A12025D00C31848 /* CookerController.swift */ = {isa = PBXFileReference; fileEncoding = 4; lastKnownFileType = sourcecode.swift; name = CookerController.swift; path = ../CookerController.swift; sourceTree = "<group>"; };
		C4DFED701A5BC29600CE14A5 /* Cooker3ViewController.xib */ = {isa = PBXFileReference; fileEncoding = 4; lastKnownFileType = file.xib; path = Cooker3ViewController.xib; sourceTree = "<group>"; };
		C4DFED721A5C692500CE14A5 /* CookerDetailViewController.swift */ = {isa = PBXFileReference; fileEncoding = 4; lastKnownFileType = sourcecode.swift; path = CookerDetailViewController.swift; sourceTree = "<group>"; };
		C4DFED731A5C692500CE14A5 /* CookerDetailViewController.xib */ = {isa = PBXFileReference; fileEncoding = 4; lastKnownFileType = file.xib; path = CookerDetailViewController.xib; sourceTree = "<group>"; };
		C4EC72C01A0FCF74005708DC /* Timer.swift */ = {isa = PBXFileReference; fileEncoding = 4; lastKnownFileType = sourcecode.swift; path = Timer.swift; sourceTree = "<group>"; };
		E20C01AF1A0F6D7F00A87561 /* Extensions.swift */ = {isa = PBXFileReference; fileEncoding = 4; lastKnownFileType = sourcecode.swift; path = Extensions.swift; sourceTree = "<group>"; };
		E20C01B01A0F6D7F00A87561 /* FoodItemTableViewCell.swift */ = {isa = PBXFileReference; fileEncoding = 4; lastKnownFileType = sourcecode.swift; path = FoodItemTableViewCell.swift; sourceTree = "<group>"; };
		E20C01B11A0F6D7F00A87561 /* FoodItemTableViewCell.xib */ = {isa = PBXFileReference; fileEncoding = 4; lastKnownFileType = file.xib; path = FoodItemTableViewCell.xib; sourceTree = "<group>"; };
		E248DC391A21FB2E0011319C /* Roboto-Light.ttf */ = {isa = PBXFileReference; lastKnownFileType = file; path = "Roboto-Light.ttf"; sourceTree = "<group>"; };
		E248DC3A1A21FB2E0011319C /* Roboto-Medium.ttf */ = {isa = PBXFileReference; lastKnownFileType = file; path = "Roboto-Medium.ttf"; sourceTree = "<group>"; };
		E248DC3B1A21FB2E0011319C /* Roboto-Thin.ttf */ = {isa = PBXFileReference; lastKnownFileType = file; path = "Roboto-Thin.ttf"; sourceTree = "<group>"; };
		E248DC401A21FB720011319C /* ic_action_alarms.png */ = {isa = PBXFileReference; lastKnownFileType = image.png; path = ic_action_alarms.png; sourceTree = "<group>"; };
		E248DC421A21FBB90011319C /* ic_action_alarms_white.png */ = {isa = PBXFileReference; lastKnownFileType = image.png; path = ic_action_alarms_white.png; sourceTree = "<group>"; };
		E24F01501A0CF8E200372AE5 /* Kooktijden.app */ = {isa = PBXFileReference; explicitFileType = wrapper.application; includeInIndex = 0; path = Kooktijden.app; sourceTree = BUILT_PRODUCTS_DIR; };
		E24F01541A0CF8E200372AE5 /* Info.plist */ = {isa = PBXFileReference; lastKnownFileType = text.plist.xml; path = Info.plist; sourceTree = "<group>"; };
		E24F01551A0CF8E200372AE5 /* AppDelegate.swift */ = {isa = PBXFileReference; lastKnownFileType = sourcecode.swift; path = AppDelegate.swift; sourceTree = "<group>"; };
		E24F015A1A0CF8E200372AE5 /* Base */ = {isa = PBXFileReference; lastKnownFileType = file.storyboard; name = Base; path = Base.lproj/Main.storyboard; sourceTree = "<group>"; };
		E24F015C1A0CF8E200372AE5 /* Images.xcassets */ = {isa = PBXFileReference; lastKnownFileType = folder.assetcatalog; path = Images.xcassets; sourceTree = "<group>"; };
		E24F015F1A0CF8E200372AE5 /* Base */ = {isa = PBXFileReference; lastKnownFileType = file.xib; name = Base; path = Base.lproj/LaunchScreen.xib; sourceTree = "<group>"; };
		E24F01651A0CF8E200372AE5 /* KooktijdenTests.xctest */ = {isa = PBXFileReference; explicitFileType = wrapper.cfbundle; includeInIndex = 0; path = KooktijdenTests.xctest; sourceTree = BUILT_PRODUCTS_DIR; };
		E24F016A1A0CF8E200372AE5 /* Info.plist */ = {isa = PBXFileReference; lastKnownFileType = text.plist.xml; path = Info.plist; sourceTree = "<group>"; };
		E24F016B1A0CF8E200372AE5 /* KooktijdenTests.swift */ = {isa = PBXFileReference; lastKnownFileType = sourcecode.swift; path = KooktijdenTests.swift; sourceTree = "<group>"; };
		E25333061A1F781600979A13 /* CookerViewController.swift */ = {isa = PBXFileReference; fileEncoding = 4; lastKnownFileType = sourcecode.swift; name = CookerViewController.swift; path = ../CookerViewController.swift; sourceTree = "<group>"; };
		E25333071A1F781600979A13 /* Cooker1ViewController.xib */ = {isa = PBXFileReference; fileEncoding = 4; lastKnownFileType = file.xib; name = Cooker1ViewController.xib; path = ../Cooker1ViewController.xib; sourceTree = "<group>"; };
		E253330A1A1F788D00979A13 /* Cooker2ViewController.xib */ = {isa = PBXFileReference; fileEncoding = 4; lastKnownFileType = file.xib; path = Cooker2ViewController.xib; sourceTree = "<group>"; };
		E253D3831A1F98B000893D16 /* FoodListViewController.xib */ = {isa = PBXFileReference; fileEncoding = 4; lastKnownFileType = file.xib; path = FoodListViewController.xib; sourceTree = "<group>"; };
		E2CF44161A21ED3000C0B8C4 /* FoodDetailViewController.xib */ = {isa = PBXFileReference; fileEncoding = 4; lastKnownFileType = file.xib; path = FoodDetailViewController.xib; sourceTree = "<group>"; };
		E2CF44181A21EE9000C0B8C4 /* FoodDetailViewController.swift */ = {isa = PBXFileReference; fileEncoding = 4; lastKnownFileType = sourcecode.swift; path = FoodDetailViewController.swift; sourceTree = "<group>"; };
		E2EFE5EB1A52C3B0001C45A2 /* icons.xcassets */ = {isa = PBXFileReference; lastKnownFileType = folder.assetcatalog; path = icons.xcassets; sourceTree = "<group>"; };
/* End PBXFileReference section */

/* Begin PBXFrameworksBuildPhase section */
		E24F014D1A0CF8E200372AE5 /* Frameworks */ = {
			isa = PBXFrameworksBuildPhase;
			buildActionMask = 2147483647;
			files = (
			);
			runOnlyForDeploymentPostprocessing = 0;
		};
		E24F01621A0CF8E200372AE5 /* Frameworks */ = {
			isa = PBXFrameworksBuildPhase;
			buildActionMask = 2147483647;
			files = (
			);
			runOnlyForDeploymentPostprocessing = 0;
		};
/* End PBXFrameworksBuildPhase section */

/* Begin PBXGroup section */
		C403C1061A0D10BC00AFCEB6 /* database */ = {
			isa = PBXGroup;
			children = (
				C403C1071A0D10D300AFCEB6 /* foods.sqlite */,
			);
			name = database;
			sourceTree = "<group>";
		};
		E248DC381A21FADA0011319C /* Images */ = {
			isa = PBXGroup;
			children = (
				E248DC401A21FB720011319C /* ic_action_alarms.png */,
				E248DC421A21FBB90011319C /* ic_action_alarms_white.png */,
			);
			name = Images;
			sourceTree = "<group>";
		};
		E248DC3F1A21FB370011319C /* Fonts */ = {
			isa = PBXGroup;
			children = (
				E248DC391A21FB2E0011319C /* Roboto-Light.ttf */,
				E248DC3A1A21FB2E0011319C /* Roboto-Medium.ttf */,
				E248DC3B1A21FB2E0011319C /* Roboto-Thin.ttf */,
			);
			name = Fonts;
			sourceTree = "<group>";
		};
		E24F01471A0CF8E200372AE5 = {
			isa = PBXGroup;
			children = (
				E24F01521A0CF8E200372AE5 /* Kooktijden */,
				E24F01681A0CF8E200372AE5 /* KooktijdenTests */,
				E24F01511A0CF8E200372AE5 /* Products */,
			);
			sourceTree = "<group>";
		};
		E24F01511A0CF8E200372AE5 /* Products */ = {
			isa = PBXGroup;
			children = (
				E24F01501A0CF8E200372AE5 /* Kooktijden.app */,
				E24F01651A0CF8E200372AE5 /* KooktijdenTests.xctest */,
			);
			name = Products;
			sourceTree = "<group>";
		};
		E24F01521A0CF8E200372AE5 /* Kooktijden */ = {
			isa = PBXGroup;
			children = (
				E24F01551A0CF8E200372AE5 /* AppDelegate.swift */,
				C4DF02291A12025D00C31848 /* CookerController.swift */,
				C403C10A1A0D249600AFCEB6 /* FoodListViewController.swift */,
				E253D3831A1F98B000893D16 /* FoodListViewController.xib */,
				C42ABB7F1A56C19D000B8548 /* CircleProgressView.swift */,
				E2CF44181A21EE9000C0B8C4 /* FoodDetailViewController.swift */,
				E2CF44161A21ED3000C0B8C4 /* FoodDetailViewController.xib */,
				E20C01AF1A0F6D7F00A87561 /* Extensions.swift */,
				E20C01B01A0F6D7F00A87561 /* FoodItemTableViewCell.swift */,
				E20C01B11A0F6D7F00A87561 /* FoodItemTableViewCell.xib */,
				E24F01591A0CF8E200372AE5 /* Main.storyboard */,
				E24F015C1A0CF8E200372AE5 /* Images.xcassets */,
				E2EFE5EB1A52C3B0001C45A2 /* icons.xcassets */,
				E24F015E1A0CF8E200372AE5 /* LaunchScreen.xib */,
				E269C9C91A1F73EE00865D64 /* Cookers */,
				C403C1061A0D10BC00AFCEB6 /* database */,
				E24F01531A0CF8E200372AE5 /* Supporting Files */,
				C403C1021A0D07FE00AFCEB6 /* DataSource.swift */,
				C403C1041A0D08BB00AFCEB6 /* FoodItem.swift */,
				C4EC72C01A0FCF74005708DC /* Timer.swift */,
				C4DFED721A5C692500CE14A5 /* CookerDetailViewController.swift */,
				C4DFED731A5C692500CE14A5 /* CookerDetailViewController.xib */,
			);
			path = Kooktijden;
			sourceTree = "<group>";
		};
		E24F01531A0CF8E200372AE5 /* Supporting Files */ = {
			isa = PBXGroup;
			children = (
				E248DC3F1A21FB370011319C /* Fonts */,
				E248DC381A21FADA0011319C /* Images */,
				E292B83D1A1F67730031DD68 /* Sounds */,
				E24F01541A0CF8E200372AE5 /* Info.plist */,
			);
			name = "Supporting Files";
			sourceTree = "<group>";
		};
		E24F01681A0CF8E200372AE5 /* KooktijdenTests */ = {
			isa = PBXGroup;
			children = (
				E24F016B1A0CF8E200372AE5 /* KooktijdenTests.swift */,
				E24F01691A0CF8E200372AE5 /* Supporting Files */,
			);
			path = KooktijdenTests;
			sourceTree = "<group>";
		};
		E24F01691A0CF8E200372AE5 /* Supporting Files */ = {
			isa = PBXGroup;
			children = (
				E24F016A1A0CF8E200372AE5 /* Info.plist */,
			);
			name = "Supporting Files";
			sourceTree = "<group>";
		};
		E269C9C91A1F73EE00865D64 /* Cookers */ = {
			isa = PBXGroup;
			children = (
				E25333061A1F781600979A13 /* CookerViewController.swift */,
				E25333071A1F781600979A13 /* Cooker1ViewController.xib */,
				E253330A1A1F788D00979A13 /* Cooker2ViewController.xib */,
				C4DFED701A5BC29600CE14A5 /* Cooker3ViewController.xib */,
				C42779EC1A5EEC6E00BF62F8 /* StoveViewController.swift */,
				C42779ED1A5EEC6E00BF62F8 /* StoveViewController.xib */,
			);
			name = Cookers;
			sourceTree = "<group>";
		};
		E292B83D1A1F67730031DD68 /* Sounds */ = {
			isa = PBXGroup;
			children = (
				C41D15101A16633C004CAB4B /* sound.wav */,
			);
			name = Sounds;
			sourceTree = "<group>";
		};
/* End PBXGroup section */

/* Begin PBXNativeTarget section */
		E24F014F1A0CF8E200372AE5 /* Kooktijden */ = {
			isa = PBXNativeTarget;
			buildConfigurationList = E24F016F1A0CF8E200372AE5 /* Build configuration list for PBXNativeTarget "Kooktijden" */;
			buildPhases = (
				E24F014C1A0CF8E200372AE5 /* Sources */,
				E24F014D1A0CF8E200372AE5 /* Frameworks */,
				E24F014E1A0CF8E200372AE5 /* Resources */,
				C403C1001A0D074500AFCEB6 /* CopyFiles */,
			);
			buildRules = (
			);
			dependencies = (
			);
			name = Kooktijden;
			productName = Kooktijden;
			productReference = E24F01501A0CF8E200372AE5 /* Kooktijden.app */;
			productType = "com.apple.product-type.application";
		};
		E24F01641A0CF8E200372AE5 /* KooktijdenTests */ = {
			isa = PBXNativeTarget;
			buildConfigurationList = E24F01721A0CF8E200372AE5 /* Build configuration list for PBXNativeTarget "KooktijdenTests" */;
			buildPhases = (
				E24F01611A0CF8E200372AE5 /* Sources */,
				E24F01621A0CF8E200372AE5 /* Frameworks */,
				E24F01631A0CF8E200372AE5 /* Resources */,
			);
			buildRules = (
			);
			dependencies = (
				E24F01671A0CF8E200372AE5 /* PBXTargetDependency */,
			);
			name = KooktijdenTests;
			productName = KooktijdenTests;
			productReference = E24F01651A0CF8E200372AE5 /* KooktijdenTests.xctest */;
			productType = "com.apple.product-type.bundle.unit-test";
		};
/* End PBXNativeTarget section */

/* Begin PBXProject section */
		E24F01481A0CF8E200372AE5 /* Project object */ = {
			isa = PBXProject;
			attributes = {
				LastUpgradeCheck = 0610;
				ORGANIZATIONNAME = "De appothekers";
				TargetAttributes = {
					E24F014F1A0CF8E200372AE5 = {
						CreatedOnToolsVersion = 6.1;
					};
					E24F01641A0CF8E200372AE5 = {
						CreatedOnToolsVersion = 6.1;
						TestTargetID = E24F014F1A0CF8E200372AE5;
					};
				};
			};
			buildConfigurationList = E24F014B1A0CF8E200372AE5 /* Build configuration list for PBXProject "Kooktijden" */;
			compatibilityVersion = "Xcode 3.2";
			developmentRegion = English;
			hasScannedForEncodings = 0;
			knownRegions = (
				en,
				Base,
			);
			mainGroup = E24F01471A0CF8E200372AE5;
			productRefGroup = E24F01511A0CF8E200372AE5 /* Products */;
			projectDirPath = "";
			projectRoot = "";
			targets = (
				E24F014F1A0CF8E200372AE5 /* Kooktijden */,
				E24F01641A0CF8E200372AE5 /* KooktijdenTests */,
			);
		};
/* End PBXProject section */

/* Begin PBXResourcesBuildPhase section */
		E24F014E1A0CF8E200372AE5 /* Resources */ = {
			isa = PBXResourcesBuildPhase;
			buildActionMask = 2147483647;
			files = (
				C403C1091A0D1DEB00AFCEB6 /* foods.sqlite in Resources */,
				E248DC411A21FB720011319C /* ic_action_alarms.png in Resources */,
				E24F015B1A0CF8E200372AE5 /* Main.storyboard in Resources */,
				E24F01601A0CF8E200372AE5 /* LaunchScreen.xib in Resources */,
				E248DC3C1A21FB2E0011319C /* Roboto-Light.ttf in Resources */,
				E24F015D1A0CF8E200372AE5 /* Images.xcassets in Resources */,
				E2EFE5EC1A52C3B0001C45A2 /* icons.xcassets in Resources */,
				E25333091A1F781600979A13 /* Cooker1ViewController.xib in Resources */,
				C42779EF1A5EEC6E00BF62F8 /* StoveViewController.xib in Resources */,
				C41D15111A16633C004CAB4B /* sound.wav in Resources */,
				E253330B1A1F788D00979A13 /* Cooker2ViewController.xib in Resources */,
				E248DC3D1A21FB2E0011319C /* Roboto-Medium.ttf in Resources */,
				E2CF44171A21ED3000C0B8C4 /* FoodDetailViewController.xib in Resources */,
				E253D3841A1F98B000893D16 /* FoodListViewController.xib in Resources */,
				E248DC431A21FBB90011319C /* ic_action_alarms_white.png in Resources */,
				C4DFED751A5C692500CE14A5 /* CookerDetailViewController.xib in Resources */,
				E248DC3E1A21FB2E0011319C /* Roboto-Thin.ttf in Resources */,
				E20C01B41A0F6D7F00A87561 /* FoodItemTableViewCell.xib in Resources */,
				C4DFED711A5BC29600CE14A5 /* Cooker3ViewController.xib in Resources */,
			);
			runOnlyForDeploymentPostprocessing = 0;
		};
		E24F01631A0CF8E200372AE5 /* Resources */ = {
			isa = PBXResourcesBuildPhase;
			buildActionMask = 2147483647;
			files = (
			);
			runOnlyForDeploymentPostprocessing = 0;
		};
/* End PBXResourcesBuildPhase section */

/* Begin PBXSourcesBuildPhase section */
		E24F014C1A0CF8E200372AE5 /* Sources */ = {
			isa = PBXSourcesBuildPhase;
			buildActionMask = 2147483647;
			files = (
				C4DF022A1A12025D00C31848 /* CookerController.swift in Sources */,
				E20C01B31A0F6D7F00A87561 /* FoodItemTableViewCell.swift in Sources */,
				E2CF44191A21EE9000C0B8C4 /* FoodDetailViewController.swift in Sources */,
				E25333081A1F781600979A13 /* CookerViewController.swift in Sources */,
				C403C1051A0D08BB00AFCEB6 /* FoodItem.swift in Sources */,
				C42ABB801A56C19D000B8548 /* CircleProgressView.swift in Sources */,
				C4DFED741A5C692500CE14A5 /* CookerDetailViewController.swift in Sources */,
				C403C10B1A0D249600AFCEB6 /* FoodListViewController.swift in Sources */,
				C403C1031A0D07FE00AFCEB6 /* DataSource.swift in Sources */,
				C4EC72C11A0FCF74005708DC /* Timer.swift in Sources */,
				E24F01561A0CF8E200372AE5 /* AppDelegate.swift in Sources */,
				C42779EE1A5EEC6E00BF62F8 /* StoveViewController.swift in Sources */,
				E20C01B21A0F6D7F00A87561 /* Extensions.swift in Sources */,
			);
			runOnlyForDeploymentPostprocessing = 0;
		};
		E24F01611A0CF8E200372AE5 /* Sources */ = {
			isa = PBXSourcesBuildPhase;
			buildActionMask = 2147483647;
			files = (
				E24F016C1A0CF8E200372AE5 /* KooktijdenTests.swift in Sources */,
			);
			runOnlyForDeploymentPostprocessing = 0;
		};
/* End PBXSourcesBuildPhase section */

/* Begin PBXTargetDependency section */
		E24F01671A0CF8E200372AE5 /* PBXTargetDependency */ = {
			isa = PBXTargetDependency;
			target = E24F014F1A0CF8E200372AE5 /* Kooktijden */;
			targetProxy = E24F01661A0CF8E200372AE5 /* PBXContainerItemProxy */;
		};
/* End PBXTargetDependency section */

/* Begin PBXVariantGroup section */
		E24F01591A0CF8E200372AE5 /* Main.storyboard */ = {
			isa = PBXVariantGroup;
			children = (
				E24F015A1A0CF8E200372AE5 /* Base */,
			);
			name = Main.storyboard;
			sourceTree = "<group>";
		};
		E24F015E1A0CF8E200372AE5 /* LaunchScreen.xib */ = {
			isa = PBXVariantGroup;
			children = (
				E24F015F1A0CF8E200372AE5 /* Base */,
			);
			name = LaunchScreen.xib;
			sourceTree = "<group>";
		};
/* End PBXVariantGroup section */

/* Begin XCBuildConfiguration section */
		E24F016D1A0CF8E200372AE5 /* Debug */ = {
			isa = XCBuildConfiguration;
			buildSettings = {
				ALWAYS_SEARCH_USER_PATHS = NO;
				CLANG_CXX_LANGUAGE_STANDARD = "gnu++0x";
				CLANG_CXX_LIBRARY = "libc++";
				CLANG_ENABLE_MODULES = YES;
				CLANG_ENABLE_OBJC_ARC = YES;
				CLANG_WARN_BOOL_CONVERSION = YES;
				CLANG_WARN_CONSTANT_CONVERSION = YES;
				CLANG_WARN_DIRECT_OBJC_ISA_USAGE = YES_ERROR;
				CLANG_WARN_EMPTY_BODY = YES;
				CLANG_WARN_ENUM_CONVERSION = YES;
				CLANG_WARN_INT_CONVERSION = YES;
				CLANG_WARN_OBJC_ROOT_CLASS = YES_ERROR;
				CLANG_WARN_UNREACHABLE_CODE = YES;
				CLANG_WARN__DUPLICATE_METHOD_MATCH = YES;
				"CODE_SIGN_IDENTITY[sdk=iphoneos*]" = "iPhone Developer";
				COPY_PHASE_STRIP = NO;
				ENABLE_STRICT_OBJC_MSGSEND = YES;
				GCC_C_LANGUAGE_STANDARD = gnu99;
				GCC_DYNAMIC_NO_PIC = NO;
				GCC_OPTIMIZATION_LEVEL = 0;
				GCC_PREPROCESSOR_DEFINITIONS = (
					"DEBUG=1",
					"$(inherited)",
				);
				GCC_SYMBOLS_PRIVATE_EXTERN = NO;
				GCC_WARN_64_TO_32_BIT_CONVERSION = YES;
				GCC_WARN_ABOUT_RETURN_TYPE = YES_ERROR;
				GCC_WARN_UNDECLARED_SELECTOR = YES;
				GCC_WARN_UNINITIALIZED_AUTOS = YES_AGGRESSIVE;
				GCC_WARN_UNUSED_FUNCTION = YES;
				GCC_WARN_UNUSED_VARIABLE = YES;
				IPHONEOS_DEPLOYMENT_TARGET = 8.1;
				LIBRARY_SEARCH_PATHS = "\"$(SRCROOT)/../../Libraries\"/**";
				MTL_ENABLE_DEBUG_INFO = YES;
				ONLY_ACTIVE_ARCH = YES;
				SDKROOT = iphoneos;
				SWIFT_OPTIMIZATION_LEVEL = "-Onone";
			};
			name = Debug;
		};
		E24F016E1A0CF8E200372AE5 /* Release */ = {
			isa = XCBuildConfiguration;
			buildSettings = {
				ALWAYS_SEARCH_USER_PATHS = NO;
				CLANG_CXX_LANGUAGE_STANDARD = "gnu++0x";
				CLANG_CXX_LIBRARY = "libc++";
				CLANG_ENABLE_MODULES = YES;
				CLANG_ENABLE_OBJC_ARC = YES;
				CLANG_WARN_BOOL_CONVERSION = YES;
				CLANG_WARN_CONSTANT_CONVERSION = YES;
				CLANG_WARN_DIRECT_OBJC_ISA_USAGE = YES_ERROR;
				CLANG_WARN_EMPTY_BODY = YES;
				CLANG_WARN_ENUM_CONVERSION = YES;
				CLANG_WARN_INT_CONVERSION = YES;
				CLANG_WARN_OBJC_ROOT_CLASS = YES_ERROR;
				CLANG_WARN_UNREACHABLE_CODE = YES;
				CLANG_WARN__DUPLICATE_METHOD_MATCH = YES;
				"CODE_SIGN_IDENTITY[sdk=iphoneos*]" = "iPhone Developer";
				COPY_PHASE_STRIP = YES;
				ENABLE_NS_ASSERTIONS = NO;
				ENABLE_STRICT_OBJC_MSGSEND = YES;
				GCC_C_LANGUAGE_STANDARD = gnu99;
				GCC_WARN_64_TO_32_BIT_CONVERSION = YES;
				GCC_WARN_ABOUT_RETURN_TYPE = YES_ERROR;
				GCC_WARN_UNDECLARED_SELECTOR = YES;
				GCC_WARN_UNINITIALIZED_AUTOS = YES_AGGRESSIVE;
				GCC_WARN_UNUSED_FUNCTION = YES;
				GCC_WARN_UNUSED_VARIABLE = YES;
				IPHONEOS_DEPLOYMENT_TARGET = 8.1;
				LIBRARY_SEARCH_PATHS = "\"$(SRCROOT)/../../Libraries\"/**";
				MTL_ENABLE_DEBUG_INFO = NO;
				SDKROOT = iphoneos;
				VALIDATE_PRODUCT = YES;
			};
			name = Release;
		};
		E24F01701A0CF8E200372AE5 /* Debug */ = {
			isa = XCBuildConfiguration;
			buildSettings = {
				ASSETCATALOG_COMPILER_APPICON_NAME = AppIcon;
				INFOPLIST_FILE = Kooktijden/Info.plist;
				IPHONEOS_DEPLOYMENT_TARGET = 8.0;
				LD_RUNPATH_SEARCH_PATHS = "$(inherited) @executable_path/Frameworks";
				PRODUCT_NAME = "$(TARGET_NAME)";
			};
			name = Debug;
		};
		E24F01711A0CF8E200372AE5 /* Release */ = {
			isa = XCBuildConfiguration;
			buildSettings = {
				ASSETCATALOG_COMPILER_APPICON_NAME = AppIcon;
				INFOPLIST_FILE = Kooktijden/Info.plist;
				IPHONEOS_DEPLOYMENT_TARGET = 8.0;
				LD_RUNPATH_SEARCH_PATHS = "$(inherited) @executable_path/Frameworks";
				PRODUCT_NAME = "$(TARGET_NAME)";
			};
			name = Release;
		};
		E24F01731A0CF8E200372AE5 /* Debug */ = {
			isa = XCBuildConfiguration;
			buildSettings = {
				BUNDLE_LOADER = "$(TEST_HOST)";
				FRAMEWORK_SEARCH_PATHS = (
					"$(SDKROOT)/Developer/Library/Frameworks",
					"$(inherited)",
				);
				GCC_PREPROCESSOR_DEFINITIONS = (
					"DEBUG=1",
					"$(inherited)",
				);
				INFOPLIST_FILE = KooktijdenTests/Info.plist;
				LD_RUNPATH_SEARCH_PATHS = "$(inherited) @executable_path/Frameworks @loader_path/Frameworks";
				PRODUCT_NAME = "$(TARGET_NAME)";
				TEST_HOST = "$(BUILT_PRODUCTS_DIR)/Kooktijden.app/Kooktijden";
			};
			name = Debug;
		};
		E24F01741A0CF8E200372AE5 /* Release */ = {
			isa = XCBuildConfiguration;
			buildSettings = {
				BUNDLE_LOADER = "$(TEST_HOST)";
				FRAMEWORK_SEARCH_PATHS = (
					"$(SDKROOT)/Developer/Library/Frameworks",
					"$(inherited)",
				);
				INFOPLIST_FILE = KooktijdenTests/Info.plist;
				LD_RUNPATH_SEARCH_PATHS = "$(inherited) @executable_path/Frameworks @loader_path/Frameworks";
				PRODUCT_NAME = "$(TARGET_NAME)";
				TEST_HOST = "$(BUILT_PRODUCTS_DIR)/Kooktijden.app/Kooktijden";
			};
			name = Release;
		};
/* End XCBuildConfiguration section */

/* Begin XCConfigurationList section */
		E24F014B1A0CF8E200372AE5 /* Build configuration list for PBXProject "Kooktijden" */ = {
			isa = XCConfigurationList;
			buildConfigurations = (
				E24F016D1A0CF8E200372AE5 /* Debug */,
				E24F016E1A0CF8E200372AE5 /* Release */,
			);
			defaultConfigurationIsVisible = 0;
			defaultConfigurationName = Release;
		};
		E24F016F1A0CF8E200372AE5 /* Build configuration list for PBXNativeTarget "Kooktijden" */ = {
			isa = XCConfigurationList;
			buildConfigurations = (
				E24F01701A0CF8E200372AE5 /* Debug */,
				E24F01711A0CF8E200372AE5 /* Release */,
			);
			defaultConfigurationIsVisible = 0;
			defaultConfigurationName = Release;
		};
		E24F01721A0CF8E200372AE5 /* Build configuration list for PBXNativeTarget "KooktijdenTests" */ = {
			isa = XCConfigurationList;
			buildConfigurations = (
				E24F01731A0CF8E200372AE5 /* Debug */,
				E24F01741A0CF8E200372AE5 /* Release */,
			);
			defaultConfigurationIsVisible = 0;
			defaultConfigurationName = Release;
		};
/* End XCConfigurationList section */
	};
	rootObject = E24F01481A0CF8E200372AE5 /* Project object */;
}
